{
    "version": 3,
    "terraform_version": "0.9.8",
    "serial": 80,
    "lineage": "604c4506-1040-48df-a671-0a3363850582",
    "modules": [
        {
            "path": [
                "root"
            ],
            "outputs": {},
            "resources": {
                "aws_ebs_volume.mogura-geth-hdd": {
                    "type": "aws_ebs_volume",
                    "depends_on": [],
                    "primary": {
                        "id": "vol-01c4030d6d8971f73",
                        "attributes": {
                            "availability_zone": "us-east-1a",
                            "encrypted": "false",
                            "id": "vol-01c4030d6d8971f73",
                            "size": "500",
                            "snapshot_id": "",
                            "tags.%": "1",
                            "tags.Name": "Mogura-Geth HDD Volume",
                            "type": "st1"
                        },
                        "meta": {},
                        "tainted": false
                    },
                    "deposed": [],
                    "provider": ""
                },
                "aws_instance.mogura-geth": {
                    "type": "aws_instance",
                    "depends_on": [
                        "aws_security_group.mogura-geth-security-group"
                    ],
                    "primary": {
                        "id": "i-0407203b3c4bd0f6f",
                        "attributes": {
                            "ami": "ami-2b06283d",
                            "associate_public_ip_address": "true",
                            "availability_zone": "us-east-1a",
                            "disable_api_termination": "false",
                            "ebs_block_device.#": "0",
                            "ebs_optimized": "false",
                            "ephemeral_block_device.#": "0",
                            "iam_instance_profile": "",
                            "id": "i-0407203b3c4bd0f6f",
                            "instance_state": "running",
                            "instance_type": "t2.micro",
                            "ipv6_addresses.#": "0",
                            "key_name": "personal-key",
                            "monitoring": "false",
                            "network_interface.#": "0",
                            "network_interface_id": "eni-eda4a13c",
                            "primary_network_interface_id": "eni-eda4a13c",
                            "private_dns": "ip-172-31-31-16.ec2.internal",
                            "private_ip": "172.31.31.16",
                            "public_dns": "ec2-34-228-19-243.compute-1.amazonaws.com",
                            "public_ip": "34.228.19.243",
                            "root_block_device.#": "1",
                            "root_block_device.0.delete_on_termination": "true",
                            "root_block_device.0.iops": "100",
                            "root_block_device.0.volume_size": "8",
                            "root_block_device.0.volume_type": "gp2",
                            "security_groups.#": "1",
                            "security_groups.1775818724": "mogura-geth-security-group",
                            "source_dest_check": "true",
                            "subnet_id": "subnet-d19c0099",
                            "tags.%": "1",
                            "tags.Name": "Mogura-Geth Node",
                            "tenancy": "default",
                            "user_data": "813dc298cc17ec66da9abee59f5e44b6307c49bd",
                            "volume_tags.%": "0",
                            "vpc_security_group_ids.#": "0"
                        },
                        "meta": {
                            "e2bfb730-ecaa-11e6-8f88-34363bc7c4c0": {
                                "create": 600000000000,
                                "delete": 600000000000,
                                "update": 600000000000
                            },
                            "schema_version": "1"
                        },
                        "tainted": false
                    },
                    "deposed": [],
                    "provider": ""
                },
                "aws_key_pair.personal_key": {
                    "type": "aws_key_pair",
                    "depends_on": [],
                    "primary": {
                        "id": "personal-key",
                        "attributes": {
                            "fingerprint": "45:45:69:f2:89:db:de:f8:64:6c:71:87:36:a5:75:8c",
                            "id": "personal-key",
                            "key_name": "personal-key",
                            "public_key": "ssh-rsa AAAAB3NzaC1yc2EAAAADAQABAAABAQDewWgJDZ8FEs8SnjkXJ9X8lnnopN/PCIMYY/VZ0ytv7s2xZc4N46SmKtEKJhG/Yb7LBIksv6yjpwZF2G+Bj5iQ24LoZHTMYw3lAvIqve/vu1TFz4+0td0mTw7jg6nAuvn/bNfdr3PUJ8wb41Xwokz61msN+D2oKd9AcxI4ZpOCdEi/dBaGsGwrXDJFyIKgBPWZqSB3X+s4xjG8mHY+mH+upeGymO9/0+/yiqJa3nFHs048vSRPFVm4tLMgOtPR5fceJvv4YSJxTHdNJe0InokJFIaawtQyVzqpapNsvSettZISTZytInZJoZSFG4OgW/5FYIfZSKC/5V6albz0mIJ7 aki@iknowhtml"
                        },
                        "meta": {
                            "schema_version": "1"
                        },
                        "tainted": false
                    },
                    "deposed": [],
                    "provider": ""
                },
                "aws_security_group.mogura-geth-security-group": {
                    "type": "aws_security_group",
                    "depends_on": [],
                    "primary": {
                        "id": "sg-74be6b05",
                        "attributes": {
                            "description": "Allow SSH, HTTP/HTTPS, JSON-RPC and Ethereum traffic",
                            "egress.#": "4",
                            "egress.1830867511.cidr_blocks.#": "1",
                            "egress.1830867511.cidr_blocks.0": "0.0.0.0/0",
                            "egress.1830867511.from_port": "30303",
                            "egress.1830867511.ipv6_cidr_blocks.#": "0",
                            "egress.1830867511.prefix_list_ids.#": "0",
                            "egress.1830867511.protocol": "TCP",
                            "egress.1830867511.security_groups.#": "0",
                            "egress.1830867511.self": "false",
                            "egress.1830867511.to_port": "30303",
                            "egress.2214680975.cidr_blocks.#": "1",
                            "egress.2214680975.cidr_blocks.0": "0.0.0.0/0",
                            "egress.2214680975.from_port": "80",
                            "egress.2214680975.ipv6_cidr_blocks.#": "0",
                            "egress.2214680975.prefix_list_ids.#": "0",
                            "egress.2214680975.protocol": "TCP",
                            "egress.2214680975.security_groups.#": "0",
                            "egress.2214680975.self": "false",
                            "egress.2214680975.to_port": "80",
                            "egress.2371292219.cidr_blocks.#": "1",
                            "egress.2371292219.cidr_blocks.0": "0.0.0.0/0",
                            "egress.2371292219.from_port": "8545",
                            "egress.2371292219.ipv6_cidr_blocks.#": "0",
                            "egress.2371292219.prefix_list_ids.#": "0",
                            "egress.2371292219.protocol": "TCP",
                            "egress.2371292219.security_groups.#": "0",
                            "egress.2371292219.self": "false",
                            "egress.2371292219.to_port": "8545",
                            "egress.2617001939.cidr_blocks.#": "1",
                            "egress.2617001939.cidr_blocks.0": "0.0.0.0/0",
                            "egress.2617001939.from_port": "443",
                            "egress.2617001939.ipv6_cidr_blocks.#": "0",
                            "egress.2617001939.prefix_list_ids.#": "0",
                            "egress.2617001939.protocol": "TCP",
                            "egress.2617001939.security_groups.#": "0",
                            "egress.2617001939.self": "false",
                            "egress.2617001939.to_port": "443",
                            "id": "sg-74be6b05",
                            "ingress.#": "5",
                            "ingress.1830867511.cidr_blocks.#": "1",
                            "ingress.1830867511.cidr_blocks.0": "0.0.0.0/0",
                            "ingress.1830867511.from_port": "30303",
                            "ingress.1830867511.ipv6_cidr_blocks.#": "0",
                            "ingress.1830867511.protocol": "TCP",
                            "ingress.1830867511.security_groups.#": "0",
                            "ingress.1830867511.self": "false",
                            "ingress.1830867511.to_port": "30303",
                            "ingress.2214680975.cidr_blocks.#": "1",
                            "ingress.2214680975.cidr_blocks.0": "0.0.0.0/0",
                            "ingress.2214680975.from_port": "80",
                            "ingress.2214680975.ipv6_cidr_blocks.#": "0",
                            "ingress.2214680975.protocol": "TCP",
                            "ingress.2214680975.security_groups.#": "0",
                            "ingress.2214680975.self": "false",
                            "ingress.2214680975.to_port": "80",
                            "ingress.2371292219.cidr_blocks.#": "1",
                            "ingress.2371292219.cidr_blocks.0": "0.0.0.0/0",
                            "ingress.2371292219.from_port": "8545",
                            "ingress.2371292219.ipv6_cidr_blocks.#": "0",
                            "ingress.2371292219.protocol": "TCP",
                            "ingress.2371292219.security_groups.#": "0",
                            "ingress.2371292219.self": "false",
                            "ingress.2371292219.to_port": "8545",
                            "ingress.2541437006.cidr_blocks.#": "1",
                            "ingress.2541437006.cidr_blocks.0": "0.0.0.0/0",
                            "ingress.2541437006.from_port": "22",
                            "ingress.2541437006.ipv6_cidr_blocks.#": "0",
                            "ingress.2541437006.protocol": "TCP",
                            "ingress.2541437006.security_groups.#": "0",
                            "ingress.2541437006.self": "false",
                            "ingress.2541437006.to_port": "22",
                            "ingress.2617001939.cidr_blocks.#": "1",
                            "ingress.2617001939.cidr_blocks.0": "0.0.0.0/0",
                            "ingress.2617001939.from_port": "443",
                            "ingress.2617001939.ipv6_cidr_blocks.#": "0",
                            "ingress.2617001939.protocol": "TCP",
                            "ingress.2617001939.security_groups.#": "0",
                            "ingress.2617001939.self": "false",
                            "ingress.2617001939.to_port": "443",
                            "name": "mogura-geth-security-group",
                            "owner_id": "750170648396",
                            "tags.%": "0",
                            "vpc_id": "vpc-609f4719"
                        },
                        "meta": {},
                        "tainted": false
                    },
                    "deposed": [],
                    "provider": ""
                },
                "aws_volume_attachment.ebs_att": {
                    "type": "aws_volume_attachment",
                    "depends_on": [
                        "aws_ebs_volume.mogura-geth-hdd",
                        "aws_instance.mogura-geth"
                    ],
                    "primary": {
                        "id": "vai-2329312814",
                        "attributes": {
                            "device_name": "/dev/sdf",
                            "id": "vai-2329312814",
                            "instance_id": "i-0407203b3c4bd0f6f",
                            "skip_destroy": "true",
                            "volume_id": "vol-01c4030d6d8971f73"
                        },
                        "meta": {},
                        "tainted": false
                    },
                    "deposed": [],
                    "provider": ""
                }
            },
            "depends_on": []
        }
    ]
}
